
Microsoft Visual Studio Solution File, Format Version 12.00
# Visual Studio Version 16
VisualStudioVersion = 16.0.30114.105
MinimumVisualStudioVersion = 10.0.40219.1
Project("{9A19103F-16F7-4668-BE54-9A1E7A4F7556}") = "Locutius.Capture", "Locutius.Capture\Locutius.Capture.csproj", "{3A11AF2E-D302-48AF-93DB-FD63F90EF8F1}"
EndProject
Project("{FAE04EC0-301F-11D3-BF4B-00C04F79EFBC}") = "Locutius.Common", "Locutius.Common\Locutius.Common.csproj", "{32B03586-B1EE-46EB-846A-9472FF99B1E0}"
EndProject
Project("{FAE04EC0-301F-11D3-BF4B-00C04F79EFBC}") = "Locutius.Gateway", "Locutius.Gateway\Locutius.Gateway.csproj", "{0E6DA428-FB31-4B69-98BD-9086DD818B9D}"
EndProject
Global
	GlobalSection(SolutionConfigurationPlatforms) = preSolution
		Debug|Any CPU = Debug|Any CPU
		Release|Any CPU = Release|Any CPU
	EndGlobalSection
	GlobalSection(ProjectConfigurationPlatforms) = postSolution
		{3A11AF2E-D302-48AF-93DB-FD63F90EF8F1}.Debug|Any CPU.ActiveCfg = Debug|Any CPU
		{3A11AF2E-D302-48AF-93DB-FD63F90EF8F1}.Debug|Any CPU.Build.0 = Debug|Any CPU
		{3A11AF2E-D302-48AF-93DB-FD63F90EF8F1}.Release|Any CPU.ActiveCfg = Release|Any CPU
		{3A11AF2E-D302-48AF-93DB-FD63F90EF8F1}.Release|Any CPU.Build.0 = Release|Any CPU
		{32B03586-B1EE-46EB-846A-9472FF99B1E0}.Debug|Any CPU.ActiveCfg = Debug|Any CPU
		{32B03586-B1EE-46EB-846A-9472FF99B1E0}.Debug|Any CPU.Build.0 = Debug|Any CPU
		{32B03586-B1EE-46EB-846A-9472FF99B1E0}.Release|Any CPU.ActiveCfg = Release|Any CPU
		{32B03586-B1EE-46EB-846A-9472FF99B1E0}.Release|Any CPU.Build.0 = Release|Any CPU
		{0E6DA428-FB31-4B69-98BD-9086DD818B9D}.Debug|Any CPU.ActiveCfg = Debug|Any CPU
		{0E6DA428-FB31-4B69-98BD-9086DD818B9D}.Debug|Any CPU.Build.0 = Debug|Any CPU
		{0E6DA428-FB31-4B69-98BD-9086DD818B9D}.Release|Any CPU.ActiveCfg = Release|Any CPU
		{0E6DA428-FB31-4B69-98BD-9086DD818B9D}.Release|Any CPU.Build.0 = Release|Any CPU
	EndGlobalSection
	GlobalSection(SolutionProperties) = preSolution
		HideSolutionNode = FALSE
	EndGlobalSection
	GlobalSection(ExtensibilityGlobals) = postSolution
		SolutionGuid = {329D8CD8-A752-4F40-B6C6-2F8F85C63D3E}
	EndGlobalSection
EndGlobal
